
Microsoft Visual Studio Solution File, Format Version 12.00
# Visual Studio Version 17
VisualStudioVersion = 17.5.33209.295
MinimumVisualStudioVersion = 10.0.40219.1
Project("{FAE04EC0-301F-11D3-BF4B-00C04F79EFBC}") = "ASPNETCoreAngular-FireBase-Setup", "ASPNETCoreAngular-FireBase-Setup\ASPNETCoreAngular-FireBase-Setup.csproj", "{7F555EF4-B5CB-4975-8E91-09290D3BBEB0}"
EndProject
Global
	GlobalSection(SolutionConfigurationPlatforms) = preSolution
		Debug|Any CPU = Debug|Any CPU
		Release|Any CPU = Release|Any CPU
	EndGlobalSection
	GlobalSection(ProjectConfigurationPlatforms) = postSolution
		{7F555EF4-B5CB-4975-8E91-09290D3BBEB0}.Debug|Any CPU.ActiveCfg = Debug|Any CPU
		{7F555EF4-B5CB-4975-8E91-09290D3BBEB0}.Debug|Any CPU.Build.0 = Debug|Any CPU
		{7F555EF4-B5CB-4975-8E91-09290D3BBEB0}.Release|Any CPU.ActiveCfg = Release|Any CPU
		{7F555EF4-B5CB-4975-8E91-09290D3BBEB0}.Release|Any CPU.Build.0 = Release|Any CPU
	EndGlobalSection
	GlobalSection(SolutionProperties) = preSolution
		HideSolutionNode = FALSE
	EndGlobalSection
	GlobalSection(ExtensibilityGlobals) = postSolution
		SolutionGuid = {92B0CB89-D739-48F4-A292-7E27BC593BEB}
	EndGlobalSection
EndGlobal
